// !$*UTF8*$!
{
	archiveVersion = 1;
	classes = {
	};
	objectVersion = 50;
	objects = {

/* Begin PBXBuildFile section */
		1AB74CE344B72A58FA10B759 /* Pods_AFNetworking.framework in Frameworks */ = {isa = PBXBuildFile; fileRef = 563120837613163FCDB1E020 /* Pods_AFNetworking.framework */; };
		DE852D4521A7914900596E0F /* AppDelegate.m in Sources */ = {isa = PBXBuildFile; fileRef = DE852D4421A7914900596E0F /* AppDelegate.m */; };
		DE852D4821A7914900596E0F /* ViewController.m in Sources */ = {isa = PBXBuildFile; fileRef = DE852D4721A7914900596E0F /* ViewController.m */; };
		DE852D4B21A7914900596E0F /* Main.storyboard in Resources */ = {isa = PBXBuildFile; fileRef = DE852D4921A7914900596E0F /* Main.storyboard */; };
		DE852D4D21A7914A00596E0F /* Assets.xcassets in Resources */ = {isa = PBXBuildFile; fileRef = DE852D4C21A7914A00596E0F /* Assets.xcassets */; };
		DE852D5021A7914A00596E0F /* LaunchScreen.storyboard in Resources */ = {isa = PBXBuildFile; fileRef = DE852D4E21A7914A00596E0F /* LaunchScreen.storyboard */; };
		DE852D5321A7914B00596E0F /* main.m in Sources */ = {isa = PBXBuildFile; fileRef = DE852D5221A7914B00596E0F /* main.m */; };
/* End PBXBuildFile section */

/* Begin PBXFileReference section */
		563120837613163FCDB1E020 /* Pods_AFNetworking.framework */ = {isa = PBXFileReference; explicitFileType = wrapper.framework; includeInIndex = 0; path = Pods_AFNetworking.framework; sourceTree = BUILT_PRODUCTS_DIR; };
		D113D665DF98C41C76BD8397 /* Pods-AFNetworking.debug.xcconfig */ = {isa = PBXFileReference; includeInIndex = 1; lastKnownFileType = text.xcconfig; name = "Pods-AFNetworking.debug.xcconfig"; path = "Pods/Target Support Files/Pods-AFNetworking/Pods-AFNetworking.debug.xcconfig"; sourceTree = "<group>"; };
		DE852D4021A7914900596E0F /* AFNetworking.app */ = {isa = PBXFileReference; explicitFileType = wrapper.application; includeInIndex = 0; path = AFNetworking.app; sourceTree = BUILT_PRODUCTS_DIR; };
		DE852D4321A7914900596E0F /* AppDelegate.h */ = {isa = PBXFileReference; lastKnownFileType = sourcecode.c.h; path = AppDelegate.h; sourceTree = "<group>"; };
		DE852D4421A7914900596E0F /* AppDelegate.m */ = {isa = PBXFileReference; lastKnownFileType = sourcecode.c.objc; path = AppDelegate.m; sourceTree = "<group>"; };
		DE852D4621A7914900596E0F /* ViewController.h */ = {isa = PBXFileReference; lastKnownFileType = sourcecode.c.h; path = ViewController.h; sourceTree = "<group>"; };
		DE852D4721A7914900596E0F /* ViewController.m */ = {isa = PBXFileReference; lastKnownFileType = sourcecode.c.objc; path = ViewController.m; sourceTree = "<group>"; };
		DE852D4A21A7914900596E0F /* Base */ = {isa = PBXFileReference; lastKnownFileType = file.storyboard; name = Base; path = Base.lproj/Main.storyboard; sourceTree = "<group>"; };
		DE852D4C21A7914A00596E0F /* Assets.xcassets */ = {isa = PBXFileReference; lastKnownFileType = folder.assetcatalog; path = Assets.xcassets; sourceTree = "<group>"; };
		DE852D4F21A7914A00596E0F /* Base */ = {isa = PBXFileReference; lastKnownFileType = file.storyboard; name = Base; path = Base.lproj/LaunchScreen.storyboard; sourceTree = "<group>"; };
		DE852D5121A7914B00596E0F /* Info.plist */ = {isa = PBXFileReference; lastKnownFileType = text.plist.xml; path = Info.plist; sourceTree = "<group>"; };
		DE852D5221A7914B00596E0F /* main.m */ = {isa = PBXFileReference; lastKnownFileType = sourcecode.c.objc; path = main.m; sourceTree = "<group>"; };
		E05B62342E613F1AA968CE57 /* Pods-AFNetworking.release.xcconfig */ = {isa = PBXFileReference; includeInIndex = 1; lastKnownFileType = text.xcconfig; name = "Pods-AFNetworking.release.xcconfig"; path = "Pods/Target Support Files/Pods-AFNetworking/Pods-AFNetworking.release.xcconfig"; sourceTree = "<group>"; };
/* End PBXFileReference section */

/* Begin PBXFrameworksBuildPhase section */
		DE852D3D21A7914900596E0F /* Frameworks */ = {
			isa = PBXFrameworksBuildPhase;
			buildActionMask = 2147483647;
			files = (
				1AB74CE344B72A58FA10B759 /* Pods_AFNetworking.framework in Frameworks */,
			);
			runOnlyForDeploymentPostprocessing = 0;
		};
/* End PBXFrameworksBuildPhase section */

/* Begin PBXGroup section */
		A7A7203E41CA3CE738C17C4B /* Pods */ = {
			isa = PBXGroup;
			children = (
				D113D665DF98C41C76BD8397 /* Pods-AFNetworking.debug.xcconfig */,
				E05B62342E613F1AA968CE57 /* Pods-AFNetworking.release.xcconfig */,
			);
			name = Pods;
			sourceTree = "<group>";
		};
		CFAB7C50B387C3449D596FB6 /* Frameworks */ = {
			isa = PBXGroup;
			children = (
				563120837613163FCDB1E020 /* Pods_AFNetworking.framework */,
			);
			name = Frameworks;
			sourceTree = "<group>";
		};
		DE852D3721A7914900596E0F = {
			isa = PBXGroup;
			children = (
				DE852D4221A7914900596E0F /* AFNetworking */,
				DE852D4121A7914900596E0F /* Products */,
				A7A7203E41CA3CE738C17C4B /* Pods */,
				CFAB7C50B387C3449D596FB6 /* Frameworks */,
			);
			sourceTree = "<group>";
		};
		DE852D4121A7914900596E0F /* Products */ = {
			isa = PBXGroup;
			children = (
				DE852D4021A7914900596E0F /* AFNetworking.app */,
			);
			name = Products;
			sourceTree = "<group>";
		};
		DE852D4221A7914900596E0F /* AFNetworking */ = {
			isa = PBXGroup;
			children = (
				DE852D4321A7914900596E0F /* AppDelegate.h */,
				DE852D4421A7914900596E0F /* AppDelegate.m */,
				DE852D4621A7914900596E0F /* ViewController.h */,
				DE852D4721A7914900596E0F /* ViewController.m */,
				DE852D4921A7914900596E0F /* Main.storyboard */,
				DE852D4C21A7914A00596E0F /* Assets.xcassets */,
				DE852D4E21A7914A00596E0F /* LaunchScreen.storyboard */,
				DE852D5121A7914B00596E0F /* Info.plist */,
				DE852D5221A7914B00596E0F /* main.m */,
			);
			path = AFNetworking;
			sourceTree = "<group>";
		};
/* End PBXGroup section */

/* Begin PBXNativeTarget section */
		DE852D3F21A7914900596E0F /* AFNetworking */ = {
			isa = PBXNativeTarget;
			buildConfigurationList = DE852D5621A7914B00596E0F /* Build configuration list for PBXNativeTarget "AFNetworking" */;
			buildPhases = (
				6CADBF163C79EE718B7F8040 /* [CP] Check Pods Manifest.lock */,
				DE852D3C21A7914900596E0F /* Sources */,
				DE852D3D21A7914900596E0F /* Frameworks */,
				DE852D3E21A7914900596E0F /* Resources */,
				2635B7DD0A44832EDAE97AC4 /* [CP] Embed Pods Frameworks */,
			);
			buildRules = (
			);
			dependencies = (
			);
			name = AFNetworking;
			productName = AFNetworking;
			productReference = DE852D4021A7914900596E0F /* AFNetworking.app */;
			productType = "com.apple.product-type.application";
		};
/* End PBXNativeTarget section */

/* Begin PBXProject section */
		DE852D3821A7914900596E0F /* Project object */ = {
			isa = PBXProject;
			attributes = {
				LastUpgradeCheck = 1010;
				ORGANIZATIONNAME = Destiny;
				TargetAttributes = {
					DE852D3F21A7914900596E0F = {
						CreatedOnToolsVersion = 10.1;
					};
				};
			};
			buildConfigurationList = DE852D3B21A7914900596E0F /* Build configuration list for PBXProject "AFNetworking" */;
			compatibilityVersion = "Xcode 9.3";
			developmentRegion = en;
			hasScannedForEncodings = 0;
			knownRegions = (
				en,
				Base,
			);
			mainGroup = DE852D3721A7914900596E0F;
			productRefGroup = DE852D4121A7914900596E0F /* Products */;
			projectDirPath = "";
			projectRoot = "";
			targets = (
				DE852D3F21A7914900596E0F /* AFNetworking */,
			);
		};
/* End PBXProject section */

/* Begin PBXResourcesBuildPhase section */
		DE852D3E21A7914900596E0F /* Resources */ = {
			isa = PBXResourcesBuildPhase;
			buildActionMask = 2147483647;
			files = (
				DE852D5021A7914A00596E0F /* LaunchScreen.storyboard in Resources */,
				DE852D4D21A7914A00596E0F /* Assets.xcassets in Resources */,
				DE852D4B21A7914900596E0F /* Main.storyboard in Resources */,
			);
			runOnlyForDeploymentPostprocessing = 0;
		};
/* End PBXResourcesBuildPhase section */

/* Begin PBXShellScriptBuildPhase section */
		2635B7DD0A44832EDAE97AC4 /* [CP] Embed Pods Frameworks */ = {
			isa = PBXShellScriptBuildPhase;
			buildActionMask = 2147483647;
			files = (
			);
			inputPaths = (
				"${SRCROOT}/Pods/Target Support Files/Pods-AFNetworking/Pods-AFNetworking-frameworks.sh",
				"${BUILT_PRODUCTS_DIR}/AFNetworking/AFNetworking.framework",
			);
			name = "[CP] Embed Pods Frameworks";
			outputPaths = (
				"${TARGET_BUILD_DIR}/${FRAMEWORKS_FOLDER_PATH}/AFNetworking.framework",
			);
			runOnlyForDeploymentPostprocessing = 0;
			shellPath = /bin/sh;
			shellScript = "\"${SRCROOT}/Pods/Target Support Files/Pods-AFNetworking/Pods-AFNetworking-frameworks.sh\"\n";
			showEnvVarsInLog = 0;
		};
		6CADBF163C79EE718B7F8040 /* [CP] Check Pods Manifest.lock */ = {
			isa = PBXShellScriptBuildPhase;
			buildActionMask = 2147483647;
			files = (
			);
			inputPaths = (
				"${PODS_PODFILE_DIR_PATH}/Podfile.lock",
				"${PODS_ROOT}/Manifest.lock",
			);
			name = "[CP] Check Pods Manifest.lock";
			outputPaths = (
				"$(DERIVED_FILE_DIR)/Pods-AFNetworking-checkManifestLockResult.txt",
			);
			runOnlyForDeploymentPostprocessing = 0;
			shellPath = /bin/sh;
			shellScript = "diff \"${PODS_PODFILE_DIR_PATH}/Podfile.lock\" \"${PODS_ROOT}/Manifest.lock\" > /dev/null\nif [ $? != 0 ] ; then\n    # print error to STDERR\n    echo \"error: The sandbox is not in sync with the Podfile.lock. Run 'pod install' or update your CocoaPods installation.\" >&2\n    exit 1\nfi\n# This output is used by Xcode 'outputs' to avoid re-running this script phase.\necho \"SUCCESS\" > \"${SCRIPT_OUTPUT_FILE_0}\"\n";
			showEnvVarsInLog = 0;
		};
/* End PBXShellScriptBuildPhase section */

/* Begin PBXSourcesBuildPhase section */
		DE852D3C21A7914900596E0F /* Sources */ = {
			isa = PBXSourcesBuildPhase;
			buildActionMask = 2147483647;
			files = (
				DE852D4821A7914900596E0F /* ViewController.m in Sources */,
				DE852D5321A7914B00596E0F /* main.m in Sources */,
				DE852D4521A7914900596E0F /* AppDelegate.m in Sources */,
			);
			runOnlyForDeploymentPostprocessing = 0;
		};
/* End PBXSourcesBuildPhase section */

/* Begin PBXVariantGroup section */
		DE852D4921A7914900596E0F /* Main.storyboard */ = {
			isa = PBXVariantGroup;
			children = (
				DE852D4A21A7914900596E0F /* Base */,
			);
			name = Main.storyboard;
			sourceTree = "<group>";
		};
		DE852D4E21A7914A00596E0F /* LaunchScreen.storyboard */ = {
			isa = PBXVariantGroup;
			children = (
				DE852D4F21A7914A00596E0F /* Base */,
			);
			name = LaunchScreen.storyboard;
			sourceTree = "<group>";
		};
/* End PBXVariantGroup section */

/* Begin XCBuildConfiguration section */
		DE852D5421A7914B00596E0F /* Debug */ = {
			isa = XCBuildConfiguration;
			buildSettings = {
				ALWAYS_SEARCH_USER_PATHS = NO;
				CLANG_ANALYZER_NONNULL = YES;
				CLANG_ANALYZER_NUMBER_OBJECT_CONVERSION = YES_AGGRESSIVE;
				CLANG_CXX_LANGUAGE_STANDARD = "gnu++14";
				CLANG_CXX_LIBRARY = "libc++";
				CLANG_ENABLE_MODULES = YES;
				CLANG_ENABLE_OBJC_ARC = YES;
				CLANG_ENABLE_OBJC_WEAK = YES;
				CLANG_WARN_BLOCK_CAPTURE_AUTORELEASING = YES;
				CLANG_WARN_BOOL_CONVERSION = YES;
				CLANG_WARN_COMMA = YES;
				CLANG_WARN_CONSTANT_CONVERSION = YES;
				CLANG_WARN_DEPRECATED_OBJC_IMPLEMENTATIONS = YES;
				CLANG_WARN_DIRECT_OBJC_ISA_USAGE = YES_ERROR;
				CLANG_WARN_DOCUMENTATION_COMMENTS = YES;
				CLANG_WARN_EMPTY_BODY = YES;
				CLANG_WARN_ENUM_CONVERSION = YES;
				CLANG_WARN_INFINITE_RECURSION = YES;
				CLANG_WARN_INT_CONVERSION = YES;
				CLANG_WARN_NON_LITERAL_NULL_CONVERSION = YES;
				CLANG_WARN_OBJC_IMPLICIT_RETAIN_SELF = YES;
				CLANG_WARN_OBJC_LITERAL_CONVERSION = YES;
				CLANG_WARN_OBJC_ROOT_CLASS = YES_ERROR;
				CLANG_WARN_RANGE_LOOP_ANALYSIS = YES;
				CLANG_WARN_STRICT_PROTOTYPES = YES;
				CLANG_WARN_SUSPICIOUS_MOVE = YES;
				CLANG_WARN_UNGUARDED_AVAILABILITY = YES_AGGRESSIVE;
				CLANG_WARN_UNREACHABLE_CODE = YES;
				CLANG_WARN__DUPLICATE_METHOD_MATCH = YES;
				CODE_SIGN_IDENTITY = "iPhone Developer";
				COPY_PHASE_STRIP = NO;
				DEBUG_INFORMATION_FORMAT = dwarf;
				ENABLE_STRICT_OBJC_MSGSEND = YES;
				ENABLE_TESTABILITY = YES;
				GCC_C_LANGUAGE_STANDARD = gnu11;
				GCC_DYNAMIC_NO_PIC = NO;
				GCC_NO_COMMON_BLOCKS = YES;
				GCC_OPTIMIZATION_LEVEL = 0;
				GCC_PREPROCESSOR_DEFINITIONS = (
					"DEBUG=1",
					"$(inherited)",
				);
				GCC_WARN_64_TO_32_BIT_CONVERSION = YES;
				GCC_WARN_ABOUT_RETURN_TYPE = YES_ERROR;
				GCC_WARN_UNDECLARED_SELECTOR = YES;
				GCC_WARN_UNINITIALIZED_AUTOS = YES_AGGRESSIVE;
				GCC_WARN_UNUSED_FUNCTION = YES;
				GCC_WARN_UNUSED_VARIABLE = YES;
				IPHONEOS_DEPLOYMENT_TARGET = 12.1;
				MTL_ENABLE_DEBUG_INFO = INCLUDE_SOURCE;
				MTL_FAST_MATH = YES;
				ONLY_ACTIVE_ARCH = YES;
				SDKROOT = iphoneos;
			};
			name = Debug;
		};
		DE852D5521A7914B00596E0F /* Release */ = {
			isa = XCBuildConfiguration;
			buildSettings = {
				ALWAYS_SEARCH_USER_PATHS = NO;
				CLANG_ANALYZER_NONNULL = YES;
				CLANG_ANALYZER_NUMBER_OBJECT_CONVERSION = YES_AGGRESSIVE;
				CLANG_CXX_LANGUAGE_STANDARD = "gnu++14";
				CLANG_CXX_LIBRARY = "libc++";
				CLANG_ENABLE_MODULES = YES;
				CLANG_ENABLE_OBJC_ARC = YES;
				CLANG_ENABLE_OBJC_WEAK = YES;
				CLANG_WARN_BLOCK_CAPTURE_AUTORELEASING = YES;
				CLANG_WARN_BOOL_CONVERSION = YES;
				CLANG_WARN_COMMA = YES;
				CLANG_WARN_CONSTANT_CONVERSION = YES;
				CLANG_WARN_DEPRECATED_OBJC_IMPLEMENTATIONS = YES;
				CLANG_WARN_DIRECT_OBJC_ISA_USAGE = YES_ERROR;
				CLANG_WARN_DOCUMENTATION_COMMENTS = YES;
				CLANG_WARN_EMPTY_BODY = YES;
				CLANG_WARN_ENUM_CONVERSION = YES;
				CLANG_WARN_INFINITE_RECURSION = YES;
				CLANG_WARN_INT_CONVERSION = YES;
				CLANG_WARN_NON_LITERAL_NULL_CONVERSION = YES;
				CLANG_WARN_OBJC_IMPLICIT_RETAIN_SELF = YES;
				CLANG_WARN_OBJC_LITERAL_CONVERSION = YES;
				CLANG_WARN_OBJC_ROOT_CLASS = YES_ERROR;
				CLANG_WARN_RANGE_LOOP_ANALYSIS = YES;
				CLANG_WARN_STRICT_PROTOTYPES = YES;
				CLANG_WARN_SUSPICIOUS_MOVE = YES;
				CLANG_WARN_UNGUARDED_AVAILABILITY = YES_AGGRESSIVE;
				CLANG_WARN_UNREACHABLE_CODE = YES;
				CLANG_WARN__DUPLICATE_METHOD_MATCH = YES;
				CODE_SIGN_IDENTITY = "iPhone Developer";
				COPY_PHASE_STRIP = NO;
				DEBUG_INFORMATION_FORMAT = "dwarf-with-dsym";
				ENABLE_NS_ASSERTIONS = NO;
				ENABLE_STRICT_OBJC_MSGSEND = YES;
				GCC_C_LANGUAGE_STANDARD = gnu11;
				GCC_NO_COMMON_BLOCKS = YES;
				GCC_WARN_64_TO_32_BIT_CONVERSION = YES;
				GCC_WARN_ABOUT_RETURN_TYPE = YES_ERROR;
				GCC_WARN_UNDECLARED_SELECTOR = YES;
				GCC_WARN_UNINITIALIZED_AUTOS = YES_AGGRESSIVE;
				GCC_WARN_UNUSED_FUNCTION = YES;
				GCC_WARN_UNUSED_VARIABLE = YES;
				IPHONEOS_DEPLOYMENT_TARGET = 12.1;
				MTL_ENABLE_DEBUG_INFO = NO;
				MTL_FAST_MATH = YES;
				SDKROOT = iphoneos;
				VALIDATE_PRODUCT = YES;
			};
			name = Release;
		};
		DE852D5721A7914B00596E0F /* Debug */ = {
			isa = XCBuildConfiguration;
			baseConfigurationReference = D113D665DF98C41C76BD8397 /* Pods-AFNetworking.debug.xcconfig */;
			buildSettings = {
				ASSETCATALOG_COMPILER_APPICON_NAME = AppIcon;
				CODE_SIGN_STYLE = Automatic;
				INFOPLIST_FILE = AFNetworking/Info.plist;
				LD_RUNPATH_SEARCH_PATHS = "$(inherited) @executable_path/Frameworks";
				PRODUCT_BUNDLE_IDENTIFIER = Destiny.AFNetworking;
				PRODUCT_NAME = "$(TARGET_NAME)";
				TARGETED_DEVICE_FAMILY = "1,2";
			};
			name = Debug;
		};
		DE852D5821A7914B00596E0F /* Release */ = {
			isa = XCBuildConfiguration;
			baseConfigurationReference = E05B62342E613F1AA968CE57 /* Pods-AFNetworking.release.xcconfig */;
			buildSettings = {
				ASSETCATALOG_COMPILER_APPICON_NAME = AppIcon;
				CODE_SIGN_STYLE = Automatic;
				INFOPLIST_FILE = AFNetworking/Info.plist;
				LD_RUNPATH_SEARCH_PATHS = "$(inherited) @executable_path/Frameworks";
				PRODUCT_BUNDLE_IDENTIFIER = Destiny.AFNetworking;
				PRODUCT_NAME = "$(TARGET_NAME)";
				TARGETED_DEVICE_FAMILY = "1,2";
			};
			name = Release;
		};
/* End XCBuildConfiguration section */

/* Begin XCConfigurationList section */
		DE852D3B21A7914900596E0F /* Build configuration list for PBXProject "AFNetworking" */ = {
			isa = XCConfigurationList;
			buildConfigurations = (
				DE852D5421A7914B00596E0F /* Debug */,
				DE852D5521A7914B00596E0F /* Release */,
			);
			defaultConfigurationIsVisible = 0;
			defaultConfigurationName = Release;
		};
		DE852D5621A7914B00596E0F /* Build configuration list for PBXNativeTarget "AFNetworking" */ = {
			isa = XCConfigurationList;
			buildConfigurations = (
				DE852D5721A7914B00596E0F /* Debug */,
				DE852D5821A7914B00596E0F /* Release */,
			);
			defaultConfigurationIsVisible = 0;
			defaultConfigurationName = Release;
		};
/* End XCConfigurationList section */
	};
	rootObject = DE852D3821A7914900596E0F /* Project object */;
}
